
Microsoft Visual Studio Solution File, Format Version 12.00
# Visual Studio Version 17
VisualStudioVersion = 17.0.31903.59
MinimumVisualStudioVersion = 10.0.40219.1
Project("{9A19103F-16F7-4668-BE54-9A1E7A4F7556}") = "WiiTrakClient", "WiiTrakClient.csproj", "{D6F6E818-2558-4773-A880-54CA47EB0C0E}"
EndProject
Global
	GlobalSection(SolutionConfigurationPlatforms) = preSolution
		Debug|Any CPU = Debug|Any CPU
		Release|Any CPU = Release|Any CPU
	EndGlobalSection
	GlobalSection(ProjectConfigurationPlatforms) = postSolution
		{D6F6E818-2558-4773-A880-54CA47EB0C0E}.Debug|Any CPU.ActiveCfg = Debug|Any CPU
		{D6F6E818-2558-4773-A880-54CA47EB0C0E}.Debug|Any CPU.Build.0 = Debug|Any CPU
		{D6F6E818-2558-4773-A880-54CA47EB0C0E}.Release|Any CPU.ActiveCfg = Release|Any CPU
		{D6F6E818-2558-4773-A880-54CA47EB0C0E}.Release|Any CPU.Build.0 = Release|Any CPU
	EndGlobalSection
	GlobalSection(SolutionProperties) = preSolution
		HideSolutionNode = FALSE
	EndGlobalSection
	GlobalSection(ExtensibilityGlobals) = postSolution
		SolutionGuid = {548AD5A9-FC42-404D-8AB4-ADC49DD11CB3}
	EndGlobalSection
EndGlobal
